
Microsoft Visual Studio Solution File, Format Version 12.00
# Visual Studio 2017
Project("{FAE04EC0-301F-11D3-BF4B-00C04F79EFBC}") = "HexFight", "HexFight.csproj", "{D1D2F9C4-7C59-B12B-74B6-8293ACF6646B}"
EndProject
Project("{FAE04EC0-301F-11D3-BF4B-00C04F79EFBC}") = "HexFight.Editor", "HexFight.Editor.csproj", "{4F203DA3-D82B-00EE-9FAE-396E2B84F1EC}"
EndProject
Global
	GlobalSection(SolutionConfigurationPlatforms) = preSolution
		Debug|Any CPU = Debug|Any CPU
		Release|Any CPU = Release|Any CPU
	EndGlobalSection
	GlobalSection(ProjectConfigurationPlatforms) = postSolution
		{D1D2F9C4-7C59-B12B-74B6-8293ACF6646B}.Debug|Any CPU.ActiveCfg = Debug|Any CPU
		{D1D2F9C4-7C59-B12B-74B6-8293ACF6646B}.Debug|Any CPU.Build.0 = Debug|Any CPU
		{D1D2F9C4-7C59-B12B-74B6-8293ACF6646B}.Release|Any CPU.ActiveCfg = Release|Any CPU
		{D1D2F9C4-7C59-B12B-74B6-8293ACF6646B}.Release|Any CPU.Build.0 = Release|Any CPU
		{4F203DA3-D82B-00EE-9FAE-396E2B84F1EC}.Debug|Any CPU.ActiveCfg = Debug|Any CPU
		{4F203DA3-D82B-00EE-9FAE-396E2B84F1EC}.Debug|Any CPU.Build.0 = Debug|Any CPU
		{4F203DA3-D82B-00EE-9FAE-396E2B84F1EC}.Release|Any CPU.ActiveCfg = Release|Any CPU
		{4F203DA3-D82B-00EE-9FAE-396E2B84F1EC}.Release|Any CPU.Build.0 = Release|Any CPU
	EndGlobalSection
	GlobalSection(SolutionProperties) = preSolution
		HideSolutionNode = FALSE
	EndGlobalSection
EndGlobal
