
Microsoft Visual Studio Solution File, Format Version 11.00
# Visual Studio 2010
Project("{FAE04EC0-301F-11D3-BF4B-00C04F79EFBC}") = "HexFight", "Assembly-CSharp.csproj", "{FC881A24-0AE8-A51C-0746-705ADE7B6D78}"
EndProject
Project("{8066C6E5-5637-292F-B59D-3DA2D505E2CB}") = "HexFight", "Assembly-UnityScript.unityproj", "{9E72AE12-895E-B208-737B-0CDC9C313772}"
EndProject
Project("{FAE04EC0-301F-11D3-BF4B-00C04F79EFBC}") = "HexFight", "Assembly-CSharp-Editor.csproj", "{683EB8C4-C640-35B5-46DC-58BC82EE1D8F}"
EndProject
Global
	GlobalSection(SolutionConfigurationPlatforms) = preSolution
		Debug|Any CPU = Debug|Any CPU
		Release|Any CPU = Release|Any CPU
	EndGlobalSection
	GlobalSection(ProjectConfigurationPlatforms) = postSolution
		{FC881A24-0AE8-A51C-0746-705ADE7B6D78}.Debug|Any CPU.ActiveCfg = Debug|Any CPU
		{FC881A24-0AE8-A51C-0746-705ADE7B6D78}.Debug|Any CPU.Build.0 = Debug|Any CPU
		{FC881A24-0AE8-A51C-0746-705ADE7B6D78}.Release|Any CPU.ActiveCfg = Release|Any CPU
		{FC881A24-0AE8-A51C-0746-705ADE7B6D78}.Release|Any CPU.Build.0 = Release|Any CPU
		{9E72AE12-895E-B208-737B-0CDC9C313772}.Debug|Any CPU.ActiveCfg = Debug|Any CPU
		{9E72AE12-895E-B208-737B-0CDC9C313772}.Debug|Any CPU.Build.0 = Debug|Any CPU
		{9E72AE12-895E-B208-737B-0CDC9C313772}.Release|Any CPU.ActiveCfg = Release|Any CPU
		{9E72AE12-895E-B208-737B-0CDC9C313772}.Release|Any CPU.Build.0 = Release|Any CPU
		{683EB8C4-C640-35B5-46DC-58BC82EE1D8F}.Debug|Any CPU.ActiveCfg = Debug|Any CPU
		{683EB8C4-C640-35B5-46DC-58BC82EE1D8F}.Debug|Any CPU.Build.0 = Debug|Any CPU
		{683EB8C4-C640-35B5-46DC-58BC82EE1D8F}.Release|Any CPU.ActiveCfg = Release|Any CPU
		{683EB8C4-C640-35B5-46DC-58BC82EE1D8F}.Release|Any CPU.Build.0 = Release|Any CPU
	EndGlobalSection
	GlobalSection(SolutionProperties) = preSolution
		HideSolutionNode = FALSE
	EndGlobalSection
	GlobalSection(MonoDevelopProperties) = preSolution
		StartupItem = Assembly-CSharp.csproj
	EndGlobalSection
EndGlobal
